
Microsoft Visual Studio Solution File, Format Version 12.00
# Visual Studio Version 16
VisualStudioVersion = 16.0.29020.237
MinimumVisualStudioVersion = 10.0.40219.1
Project("{FAE04EC0-301F-11D3-BF4B-00C04F79EFBC}") = "PipeLineTest", "PipeLineTest.csproj", "{39555FAD-E67A-49DF-BE6A-E1489E30E3F6}"
EndProject
Global
	GlobalSection(SolutionConfigurationPlatforms) = preSolution
		Debug|Any CPU = Debug|Any CPU
		Release|Any CPU = Release|Any CPU
	EndGlobalSection
	GlobalSection(ProjectConfigurationPlatforms) = postSolution
		{39555FAD-E67A-49DF-BE6A-E1489E30E3F6}.Debug|Any CPU.ActiveCfg = Debug|Any CPU
		{39555FAD-E67A-49DF-BE6A-E1489E30E3F6}.Debug|Any CPU.Build.0 = Debug|Any CPU
		{39555FAD-E67A-49DF-BE6A-E1489E30E3F6}.Release|Any CPU.ActiveCfg = Release|Any CPU
		{39555FAD-E67A-49DF-BE6A-E1489E30E3F6}.Release|Any CPU.Build.0 = Release|Any CPU
	EndGlobalSection
	GlobalSection(SolutionProperties) = preSolution
		HideSolutionNode = FALSE
	EndGlobalSection
	GlobalSection(ExtensibilityGlobals) = postSolution
		SolutionGuid = {DDF6C233-51E1-4FDF-8645-4385050B2801}
	EndGlobalSection
EndGlobal
