
Microsoft Visual Studio Solution File, Format Version 12.00
# Visual Studio Version 16
VisualStudioVersion = 16.0.29020.237
MinimumVisualStudioVersion = 10.0.40219.1
Project("{FAE04EC0-301F-11D3-BF4B-00C04F79EFBC}") = "NamedPipeLine_Client", "..\NamedPipeLine_Client\NamedPipeLine_Client.csproj", "{103D7D0D-64BA-4712-8463-F3D179C4CF30}"
EndProject
Project("{FAE04EC0-301F-11D3-BF4B-00C04F79EFBC}") = "NamedPipeLine_Server", "NamedPipeLine_Server.csproj", "{874428A0-B7D4-4723-B375-68E27A120747}"
EndProject
Global
	GlobalSection(SolutionConfigurationPlatforms) = preSolution
		Debug|Any CPU = Debug|Any CPU
		Release|Any CPU = Release|Any CPU
	EndGlobalSection
	GlobalSection(ProjectConfigurationPlatforms) = postSolution
		{103D7D0D-64BA-4712-8463-F3D179C4CF30}.Debug|Any CPU.ActiveCfg = Debug|Any CPU
		{103D7D0D-64BA-4712-8463-F3D179C4CF30}.Debug|Any CPU.Build.0 = Debug|Any CPU
		{103D7D0D-64BA-4712-8463-F3D179C4CF30}.Release|Any CPU.ActiveCfg = Release|Any CPU
		{103D7D0D-64BA-4712-8463-F3D179C4CF30}.Release|Any CPU.Build.0 = Release|Any CPU
		{874428A0-B7D4-4723-B375-68E27A120747}.Debug|Any CPU.ActiveCfg = Debug|Any CPU
		{874428A0-B7D4-4723-B375-68E27A120747}.Debug|Any CPU.Build.0 = Debug|Any CPU
		{874428A0-B7D4-4723-B375-68E27A120747}.Release|Any CPU.ActiveCfg = Release|Any CPU
		{874428A0-B7D4-4723-B375-68E27A120747}.Release|Any CPU.Build.0 = Release|Any CPU
	EndGlobalSection
	GlobalSection(SolutionProperties) = preSolution
		HideSolutionNode = FALSE
	EndGlobalSection
	GlobalSection(ExtensibilityGlobals) = postSolution
		SolutionGuid = {4B079414-4E3C-4350-91EF-00823F355695}
	EndGlobalSection
EndGlobal
